
Microsoft Visual Studio Solution File, Format Version 12.00
# Visual Studio Version 16
VisualStudioVersion = 16.0.29306.81
MinimumVisualStudioVersion = 10.0.40219.1
Project("{9A19103F-16F7-4668-BE54-9A1E7A4F7556}") = "ImageScaling", "ImageScaling\ImageScaling.csproj", "{EB9C1822-D8F2-418B-BA3E-DD665A09E833}"
EndProject
Project("{9A19103F-16F7-4668-BE54-9A1E7A4F7556}") = "ImageUpscaling.Desktop.Core", "ImageUpscaling.Desktop.Core\ImageUpscaling.Desktop.Core.csproj", "{4D592256-B8DA-4026-88B8-16A57B2E88F1}"
EndProject
Project("{9A19103F-16F7-4668-BE54-9A1E7A4F7556}") = "ImageUpscaling.ConsoleApp", "ImageUpscaling.ConsoleApp\ImageUpscaling.ConsoleApp.csproj", "{2E75E7E4-11D1-4AC9-A86D-973FC0EC7275}"
EndProject
Global
	GlobalSection(SolutionConfigurationPlatforms) = preSolution
		Debug|Any CPU = Debug|Any CPU
		Release|Any CPU = Release|Any CPU
	EndGlobalSection
	GlobalSection(ProjectConfigurationPlatforms) = postSolution
		{EB9C1822-D8F2-418B-BA3E-DD665A09E833}.Debug|Any CPU.ActiveCfg = Debug|Any CPU
		{EB9C1822-D8F2-418B-BA3E-DD665A09E833}.Debug|Any CPU.Build.0 = Debug|Any CPU
		{EB9C1822-D8F2-418B-BA3E-DD665A09E833}.Release|Any CPU.ActiveCfg = Release|Any CPU
		{EB9C1822-D8F2-418B-BA3E-DD665A09E833}.Release|Any CPU.Build.0 = Release|Any CPU
		{4D592256-B8DA-4026-88B8-16A57B2E88F1}.Debug|Any CPU.ActiveCfg = Debug|Any CPU
		{4D592256-B8DA-4026-88B8-16A57B2E88F1}.Debug|Any CPU.Build.0 = Debug|Any CPU
		{4D592256-B8DA-4026-88B8-16A57B2E88F1}.Release|Any CPU.ActiveCfg = Release|Any CPU
		{4D592256-B8DA-4026-88B8-16A57B2E88F1}.Release|Any CPU.Build.0 = Release|Any CPU
		{2E75E7E4-11D1-4AC9-A86D-973FC0EC7275}.Debug|Any CPU.ActiveCfg = Debug|Any CPU
		{2E75E7E4-11D1-4AC9-A86D-973FC0EC7275}.Debug|Any CPU.Build.0 = Debug|Any CPU
		{2E75E7E4-11D1-4AC9-A86D-973FC0EC7275}.Release|Any CPU.ActiveCfg = Release|Any CPU
		{2E75E7E4-11D1-4AC9-A86D-973FC0EC7275}.Release|Any CPU.Build.0 = Release|Any CPU
	EndGlobalSection
	GlobalSection(SolutionProperties) = preSolution
		HideSolutionNode = FALSE
	EndGlobalSection
	GlobalSection(ExtensibilityGlobals) = postSolution
		SolutionGuid = {D0DEFA80-02BF-4467-85CA-A86341DFF274}
	EndGlobalSection
EndGlobal
