
Microsoft Visual Studio Solution File, Format Version 12.00
# Visual Studio Version 16
VisualStudioVersion = 16.0.29306.81
MinimumVisualStudioVersion = 10.0.40219.1
Project("{FAE04EC0-301F-11D3-BF4B-00C04F79EFBC}") = "ImageUpscaling", "ImageUpscaling\ImageUpscaling.csproj", "{9C0A875D-3FFA-46C6-87D4-FFBA3D93DF37}"
EndProject
Project("{FAE04EC0-301F-11D3-BF4B-00C04F79EFBC}") = "ImageScalingTester", "ImageScalingTester\ImageScalingTester.csproj", "{40A8C3D5-B250-4069-8331-EF9982ABF087}"
EndProject
Global
	GlobalSection(SolutionConfigurationPlatforms) = preSolution
		Debug|Any CPU = Debug|Any CPU
		Release|Any CPU = Release|Any CPU
	EndGlobalSection
	GlobalSection(ProjectConfigurationPlatforms) = postSolution
		{9C0A875D-3FFA-46C6-87D4-FFBA3D93DF37}.Debug|Any CPU.ActiveCfg = Debug|Any CPU
		{9C0A875D-3FFA-46C6-87D4-FFBA3D93DF37}.Debug|Any CPU.Build.0 = Debug|Any CPU
		{9C0A875D-3FFA-46C6-87D4-FFBA3D93DF37}.Release|Any CPU.ActiveCfg = Release|Any CPU
		{9C0A875D-3FFA-46C6-87D4-FFBA3D93DF37}.Release|Any CPU.Build.0 = Release|Any CPU
		{40A8C3D5-B250-4069-8331-EF9982ABF087}.Debug|Any CPU.ActiveCfg = Debug|Any CPU
		{40A8C3D5-B250-4069-8331-EF9982ABF087}.Debug|Any CPU.Build.0 = Debug|Any CPU
		{40A8C3D5-B250-4069-8331-EF9982ABF087}.Release|Any CPU.ActiveCfg = Release|Any CPU
		{40A8C3D5-B250-4069-8331-EF9982ABF087}.Release|Any CPU.Build.0 = Release|Any CPU
	EndGlobalSection
	GlobalSection(SolutionProperties) = preSolution
		HideSolutionNode = FALSE
	EndGlobalSection
	GlobalSection(ExtensibilityGlobals) = postSolution
		SolutionGuid = {D0DEFA80-02BF-4467-85CA-A86341DFF274}
	EndGlobalSection
EndGlobal
